Microsoft Visual Studio Solution File, Format Version 11.00
# Visual Studio 2008

Project("{69E42BFC-96B5-19DF-EF9E-38AD76FC7429}") = "FirstPerson", "Assembly-CSharp-firstpass.csproj", "{E2CC1968-2941-6B7D-C5F6-7BAFEEF7DC71}"
EndProject
Project("{69E42BFC-96B5-19DF-EF9E-38AD76FC7429}") = "FirstPerson", "Assembly-CSharp.csproj", "{9BA9BDEC-6700-592A-5FC7-5868207BBBE3}"
EndProject
Project("{69E42BFC-96B5-19DF-EF9E-38AD76FC7429}") = "FirstPerson", "Assembly-UnityScript-firstpass.unityproj", "{CD721C36-13DD-3DA0-6409-3B7537B3940B}"
EndProject
Project("{69E42BFC-96B5-19DF-EF9E-38AD76FC7429}") = "FirstPerson", "Assembly-UnityScript.unityproj", "{770A2A83-E102-A817-CDF7-C6FD31E99237}"
EndProject
Global
	GlobalSection(SolutionConfigurationPlatforms) = preSolution
		Debug|Any CPU = Debug|Any CPU
		Release|Any CPU = Release|Any CPU
	EndGlobalSection
	GlobalSection(ProjectConfigurationPlatforms) = postSolution
		{E2CC1968-2941-6B7D-C5F6-7BAFEEF7DC71}.Debug|Any CPU.ActiveCfg = Debug|Any CPU
		{E2CC1968-2941-6B7D-C5F6-7BAFEEF7DC71}.Debug|Any CPU.Build.0 = Debug|Any CPU
		{E2CC1968-2941-6B7D-C5F6-7BAFEEF7DC71}.Release|Any CPU.ActiveCfg = Release|Any CPU
		{E2CC1968-2941-6B7D-C5F6-7BAFEEF7DC71}.Release|Any CPU.Build.0 = Release|Any CPU
		{9BA9BDEC-6700-592A-5FC7-5868207BBBE3}.Debug|Any CPU.ActiveCfg = Debug|Any CPU
		{9BA9BDEC-6700-592A-5FC7-5868207BBBE3}.Debug|Any CPU.Build.0 = Debug|Any CPU
		{9BA9BDEC-6700-592A-5FC7-5868207BBBE3}.Release|Any CPU.ActiveCfg = Release|Any CPU
		{9BA9BDEC-6700-592A-5FC7-5868207BBBE3}.Release|Any CPU.Build.0 = Release|Any CPU
		{CD721C36-13DD-3DA0-6409-3B7537B3940B}.Debug|Any CPU.ActiveCfg = Debug|Any CPU
		{CD721C36-13DD-3DA0-6409-3B7537B3940B}.Debug|Any CPU.Build.0 = Debug|Any CPU
		{CD721C36-13DD-3DA0-6409-3B7537B3940B}.Release|Any CPU.ActiveCfg = Release|Any CPU
		{CD721C36-13DD-3DA0-6409-3B7537B3940B}.Release|Any CPU.Build.0 = Release|Any CPU
		{770A2A83-E102-A817-CDF7-C6FD31E99237}.Debug|Any CPU.ActiveCfg = Debug|Any CPU
		{770A2A83-E102-A817-CDF7-C6FD31E99237}.Debug|Any CPU.Build.0 = Debug|Any CPU
		{770A2A83-E102-A817-CDF7-C6FD31E99237}.Release|Any CPU.ActiveCfg = Release|Any CPU
		{770A2A83-E102-A817-CDF7-C6FD31E99237}.Release|Any CPU.Build.0 = Release|Any CPU
	EndGlobalSection
	GlobalSection(SolutionProperties) = preSolution
		HideSolutionNode = FALSE
	EndGlobalSection
																																															GlobalSection(MonoDevelopProperties) = preSolution
		StartupItem = Assembly-CSharp.csproj
		Policies = $0
		$0.TextStylePolicy = $1
		$1.inheritsSet = null
		$1.scope = text/x-csharp
		$0.CSharpFormattingPolicy = $2
		$2.inheritsSet = Mono
		$2.inheritsScope = text/x-csharp
		$2.scope = text/x-csharp
		$0.TextStylePolicy = $3
		$3.FileWidth = 120
		$3.TabWidth = 4
		$3.EolMarker = Unix
		$3.inheritsSet = Mono
		$3.inheritsScope = text/plain
		$3.scope = text/plain
	EndGlobalSection

EndGlobal
